
Microsoft Visual Studio Solution File, Format Version 12.00
# Visual Studio Version 17
VisualStudioVersion = 17.7.34031.279
MinimumVisualStudioVersion = 10.0.40219.1
Project("{FAE04EC0-301F-11D3-BF4B-00C04F79EFBC}") = "PracticaExam", "PracticaExam.csproj", "{E0960058-4A91-47F1-A914-42D9D37E70C4}"
EndProject
Global
	GlobalSection(SolutionConfigurationPlatforms) = preSolution
		Debug|Any CPU = Debug|Any CPU
		Release|Any CPU = Release|Any CPU
	EndGlobalSection
	GlobalSection(ProjectConfigurationPlatforms) = postSolution
		{E0960058-4A91-47F1-A914-42D9D37E70C4}.Debug|Any CPU.ActiveCfg = Debug|Any CPU
		{E0960058-4A91-47F1-A914-42D9D37E70C4}.Debug|Any CPU.Build.0 = Debug|Any CPU
		{E0960058-4A91-47F1-A914-42D9D37E70C4}.Release|Any CPU.ActiveCfg = Release|Any CPU
		{E0960058-4A91-47F1-A914-42D9D37E70C4}.Release|Any CPU.Build.0 = Release|Any CPU
	EndGlobalSection
	GlobalSection(SolutionProperties) = preSolution
		HideSolutionNode = FALSE
	EndGlobalSection
	GlobalSection(ExtensibilityGlobals) = postSolution
		SolutionGuid = {236D4778-461D-4E5F-B859-46BB1D16593B}
	EndGlobalSection
EndGlobal
